// !$*UTF8*$!
{
	archiveVersion = 1;
	classes = {
	};
	objectVersion = 46;
	objects = {

/* Begin PBXBuildFile section */
		2A38373A1C9F30A200B2DAAF /* Attack.m in Sources */ = {isa = PBXBuildFile; fileRef = 2A3837391C9F30A200B2DAAF /* Attack.m */; };
		2A3D12351D08E60000CE9C72 /* RIPTableViewCell.m in Sources */ = {isa = PBXBuildFile; fileRef = 2A3D12341D08E60000CE9C72 /* RIPTableViewCell.m */; };
		2A6F5BEA1D07AE2F00E1F0F0 /* RIPViewController.m in Sources */ = {isa = PBXBuildFile; fileRef = 2A6F5BE91D07AE2F00E1F0F0 /* RIPViewController.m */; };
		2ADCFA0E1C9A4DEB00F7E820 /* main.m in Sources */ = {isa = PBXBuildFile; fileRef = 2ADCFA0D1C9A4DEB00F7E820 /* main.m */; };
		2ADCFA111C9A4DEB00F7E820 /* AppDelegate.m in Sources */ = {isa = PBXBuildFile; fileRef = 2ADCFA101C9A4DEB00F7E820 /* AppDelegate.m */; };
		2ADCFA141C9A4DEB00F7E820 /* ViewController.m in Sources */ = {isa = PBXBuildFile; fileRef = 2ADCFA131C9A4DEB00F7E820 /* ViewController.m */; };
		2ADCFA171C9A4DEB00F7E820 /* Main.storyboard in Resources */ = {isa = PBXBuildFile; fileRef = 2ADCFA151C9A4DEB00F7E820 /* Main.storyboard */; };
		2ADCFA191C9A4DEB00F7E820 /* Assets.xcassets in Resources */ = {isa = PBXBuildFile; fileRef = 2ADCFA181C9A4DEB00F7E820 /* Assets.xcassets */; };
		2ADCFA1C1C9A4DEB00F7E820 /* LaunchScreen.storyboard in Resources */ = {isa = PBXBuildFile; fileRef = 2ADCFA1A1C9A4DEB00F7E820 /* LaunchScreen.storyboard */; };
		2ADCFA251C9A5C2C00F7E820 /* Monsters.m in Sources */ = {isa = PBXBuildFile; fileRef = 2ADCFA241C9A5C2C00F7E820 /* Monsters.m */; };
/* End PBXBuildFile section */

/* Begin PBXFileReference section */
		2A3837381C9F30A200B2DAAF /* Attack.h */ = {isa = PBXFileReference; fileEncoding = 4; lastKnownFileType = sourcecode.c.h; path = Attack.h; sourceTree = "<group>"; };
		2A3837391C9F30A200B2DAAF /* Attack.m */ = {isa = PBXFileReference; fileEncoding = 4; lastKnownFileType = sourcecode.c.objc; path = Attack.m; sourceTree = "<group>"; };
		2A3D12331D08E60000CE9C72 /* RIPTableViewCell.h */ = {isa = PBXFileReference; fileEncoding = 4; lastKnownFileType = sourcecode.c.h; path = RIPTableViewCell.h; sourceTree = "<group>"; };
		2A3D12341D08E60000CE9C72 /* RIPTableViewCell.m */ = {isa = PBXFileReference; fileEncoding = 4; lastKnownFileType = sourcecode.c.objc; path = RIPTableViewCell.m; sourceTree = "<group>"; };
		2A6F5BE81D07AE2F00E1F0F0 /* RIPViewController.h */ = {isa = PBXFileReference; fileEncoding = 4; lastKnownFileType = sourcecode.c.h; path = RIPViewController.h; sourceTree = "<group>"; };
		2A6F5BE91D07AE2F00E1F0F0 /* RIPViewController.m */ = {isa = PBXFileReference; fileEncoding = 4; lastKnownFileType = sourcecode.c.objc; path = RIPViewController.m; sourceTree = "<group>"; };
		2ADCFA091C9A4DEA00F7E820 /* Monster Mash.app */ = {isa = PBXFileReference; explicitFileType = wrapper.application; includeInIndex = 0; path = "Monster Mash.app"; sourceTree = BUILT_PRODUCTS_DIR; };
		2ADCFA0D1C9A4DEB00F7E820 /* main.m */ = {isa = PBXFileReference; lastKnownFileType = sourcecode.c.objc; path = main.m; sourceTree = "<group>"; };
		2ADCFA0F1C9A4DEB00F7E820 /* AppDelegate.h */ = {isa = PBXFileReference; lastKnownFileType = sourcecode.c.h; path = AppDelegate.h; sourceTree = "<group>"; };
		2ADCFA101C9A4DEB00F7E820 /* AppDelegate.m */ = {isa = PBXFileReference; lastKnownFileType = sourcecode.c.objc; path = AppDelegate.m; sourceTree = "<group>"; };
		2ADCFA121C9A4DEB00F7E820 /* ViewController.h */ = {isa = PBXFileReference; lastKnownFileType = sourcecode.c.h; path = ViewController.h; sourceTree = "<group>"; };
		2ADCFA131C9A4DEB00F7E820 /* ViewController.m */ = {isa = PBXFileReference; lastKnownFileType = sourcecode.c.objc; path = ViewController.m; sourceTree = "<group>"; };
		2ADCFA161C9A4DEB00F7E820 /* Base */ = {isa = PBXFileReference; lastKnownFileType = file.storyboard; name = Base; path = Base.lproj/Main.storyboard; sourceTree = "<group>"; };
		2ADCFA181C9A4DEB00F7E820 /* Assets.xcassets */ = {isa = PBXFileReference; lastKnownFileType = folder.assetcatalog; path = Assets.xcassets; sourceTree = "<group>"; };
		2ADCFA1B1C9A4DEB00F7E820 /* Base */ = {isa = PBXFileReference; lastKnownFileType = file.storyboard; name = Base; path = Base.lproj/LaunchScreen.storyboard; sourceTree = "<group>"; };
		2ADCFA1D1C9A4DEB00F7E820 /* Info.plist */ = {isa = PBXFileReference; lastKnownFileType = text.plist.xml; path = Info.plist; sourceTree = "<group>"; };
		2ADCFA231C9A5C2C00F7E820 /* Monsters.h */ = {isa = PBXFileReference; fileEncoding = 4; lastKnownFileType = sourcecode.c.h; path = Monsters.h; sourceTree = "<group>"; };
		2ADCFA241C9A5C2C00F7E820 /* Monsters.m */ = {isa = PBXFileReference; fileEncoding = 4; lastKnownFileType = sourcecode.c.objc; path = Monsters.m; sourceTree = "<group>"; };
/* End PBXFileReference section */

/* Begin PBXFrameworksBuildPhase section */
		2ADCFA061C9A4DEA00F7E820 /* Frameworks */ = {
			isa = PBXFrameworksBuildPhase;
			buildActionMask = 2147483647;
			files = (
			);
			runOnlyForDeploymentPostprocessing = 0;
		};
/* End PBXFrameworksBuildPhase section */

/* Begin PBXGroup section */
		2ADCFA001C9A4DEA00F7E820 = {
			isa = PBXGroup;
			children = (
				2ADCFA0B1C9A4DEB00F7E820 /* Monster Mash */,
				2ADCFA0A1C9A4DEA00F7E820 /* Products */,
			);
			sourceTree = "<group>";
		};
		2ADCFA0A1C9A4DEA00F7E820 /* Products */ = {
			isa = PBXGroup;
			children = (
				2ADCFA091C9A4DEA00F7E820 /* Monster Mash.app */,
			);
			name = Products;
			sourceTree = "<group>";
		};
		2ADCFA0B1C9A4DEB00F7E820 /* Monster Mash */ = {
			isa = PBXGroup;
			children = (
				2ADCFA0F1C9A4DEB00F7E820 /* AppDelegate.h */,
				2ADCFA101C9A4DEB00F7E820 /* AppDelegate.m */,
				2ADCFA151C9A4DEB00F7E820 /* Main.storyboard */,
				2ADCFA121C9A4DEB00F7E820 /* ViewController.h */,
				2ADCFA131C9A4DEB00F7E820 /* ViewController.m */,
				2A6F5BE81D07AE2F00E1F0F0 /* RIPViewController.h */,
				2A6F5BE91D07AE2F00E1F0F0 /* RIPViewController.m */,
				2ADCFA231C9A5C2C00F7E820 /* Monsters.h */,
				2ADCFA241C9A5C2C00F7E820 /* Monsters.m */,
				2A3837381C9F30A200B2DAAF /* Attack.h */,
				2A3837391C9F30A200B2DAAF /* Attack.m */,
				2A3D12331D08E60000CE9C72 /* RIPTableViewCell.h */,
				2A3D12341D08E60000CE9C72 /* RIPTableViewCell.m */,
				2ADCFA181C9A4DEB00F7E820 /* Assets.xcassets */,
				2ADCFA1A1C9A4DEB00F7E820 /* LaunchScreen.storyboard */,
				2ADCFA1D1C9A4DEB00F7E820 /* Info.plist */,
				2ADCFA0C1C9A4DEB00F7E820 /* Supporting Files */,
			);
			path = "Monster Mash";
			sourceTree = "<group>";
		};
		2ADCFA0C1C9A4DEB00F7E820 /* Supporting Files */ = {
			isa = PBXGroup;
			children = (
				2ADCFA0D1C9A4DEB00F7E820 /* main.m */,
			);
			name = "Supporting Files";
			sourceTree = "<group>";
		};
/* End PBXGroup section */

/* Begin PBXNativeTarget section */
		2ADCFA081C9A4DEA00F7E820 /* Monster Mash */ = {
			isa = PBXNativeTarget;
			buildConfigurationList = 2ADCFA201C9A4DEB00F7E820 /* Build configuration list for PBXNativeTarget "Monster Mash" */;
			buildPhases = (
				2ADCFA051C9A4DEA00F7E820 /* Sources */,
				2ADCFA061C9A4DEA00F7E820 /* Frameworks */,
				2ADCFA071C9A4DEA00F7E820 /* Resources */,
			);
			buildRules = (
			);
			dependencies = (
			);
			name = "Monster Mash";
			productName = "Monster Mash";
			productReference = 2ADCFA091C9A4DEA00F7E820 /* Monster Mash.app */;
			productType = "com.apple.product-type.application";
		};
/* End PBXNativeTarget section */

/* Begin PBXProject section */
		2ADCFA011C9A4DEA00F7E820 /* Project object */ = {
			isa = PBXProject;
			attributes = {
				LastUpgradeCheck = 0720;
				ORGANIZATIONNAME = "Andrew Dulle";
				TargetAttributes = {
					2ADCFA081C9A4DEA00F7E820 = {
						CreatedOnToolsVersion = 7.2.1;
						DevelopmentTeam = X3452NP775;
					};
				};
			};
			buildConfigurationList = 2ADCFA041C9A4DEA00F7E820 /* Build configuration list for PBXProject "Monster Mash" */;
			compatibilityVersion = "Xcode 3.2";
			developmentRegion = English;
			hasScannedForEncodings = 0;
			knownRegions = (
				en,
				Base,
			);
			mainGroup = 2ADCFA001C9A4DEA00F7E820;
			productRefGroup = 2ADCFA0A1C9A4DEA00F7E820 /* Products */;
			projectDirPath = "";
			projectRoot = "";
			targets = (
				2ADCFA081C9A4DEA00F7E820 /* Monster Mash */,
			);
		};
/* End PBXProject section */

/* Begin PBXResourcesBuildPhase section */
		2ADCFA071C9A4DEA00F7E820 /* Resources */ = {
			isa = PBXResourcesBuildPhase;
			buildActionMask = 2147483647;
			files = (
				2ADCFA1C1C9A4DEB00F7E820 /* LaunchScreen.storyboard in Resources */,
				2ADCFA191C9A4DEB00F7E820 /* Assets.xcassets in Resources */,
				2ADCFA171C9A4DEB00F7E820 /* Main.storyboard in Resources */,
			);
			runOnlyForDeploymentPostprocessing = 0;
		};
/* End PBXResourcesBuildPhase section */

/* Begin PBXSourcesBuildPhase section */
		2ADCFA051C9A4DEA00F7E820 /* Sources */ = {
			isa = PBXSourcesBuildPhase;
			buildActionMask = 2147483647;
			files = (
				2ADCFA251C9A5C2C00F7E820 /* Monsters.m in Sources */,
				2A38373A1C9F30A200B2DAAF /* Attack.m in Sources */,
				2ADCFA141C9A4DEB00F7E820 /* ViewController.m in Sources */,
				2ADCFA111C9A4DEB00F7E820 /* AppDelegate.m in Sources */,
				2A6F5BEA1D07AE2F00E1F0F0 /* RIPViewController.m in Sources */,
				2A3D12351D08E60000CE9C72 /* RIPTableViewCell.m in Sources */,
				2ADCFA0E1C9A4DEB00F7E820 /* main.m in Sources */,
			);
			runOnlyForDeploymentPostprocessing = 0;
		};
/* End PBXSourcesBuildPhase section */

/* Begin PBXVariantGroup section */
		2ADCFA151C9A4DEB00F7E820 /* Main.storyboard */ = {
			isa = PBXVariantGroup;
			children = (
				2ADCFA161C9A4DEB00F7E820 /* Base */,
			);
			name = Main.storyboard;
			sourceTree = "<group>";
		};
		2ADCFA1A1C9A4DEB00F7E820 /* LaunchScreen.storyboard */ = {
			isa = PBXVariantGroup;
			children = (
				2ADCFA1B1C9A4DEB00F7E820 /* Base */,
			);
			name = LaunchScreen.storyboard;
			sourceTree = "<group>";
		};
/* End PBXVariantGroup section */

/* Begin XCBuildConfiguration section */
		2ADCFA1E1C9A4DEB00F7E820 /* Debug */ = {
			isa = XCBuildConfiguration;
			buildSettings = {
				ALWAYS_SEARCH_USER_PATHS = NO;
				CLANG_CXX_LANGUAGE_STANDARD = "gnu++0x";
				CLANG_CXX_LIBRARY = "libc++";
				CLANG_ENABLE_MODULES = YES;
				CLANG_ENABLE_OBJC_ARC = YES;
				CLANG_WARN_BOOL_CONVERSION = YES;
				CLANG_WARN_CONSTANT_CONVERSION = YES;
				CLANG_WARN_DIRECT_OBJC_ISA_USAGE = YES_ERROR;
				CLANG_WARN_EMPTY_BODY = YES;
				CLANG_WARN_ENUM_CONVERSION = YES;
				CLANG_WARN_INT_CONVERSION = YES;
				CLANG_WARN_OBJC_ROOT_CLASS = YES_ERROR;
				CLANG_WARN_UNREACHABLE_CODE = YES;
				CLANG_WARN__DUPLICATE_METHOD_MATCH = YES;
				"CODE_SIGN_IDENTITY[sdk=iphoneos*]" = "iPhone Developer";
				COPY_PHASE_STRIP = NO;
				DEBUG_INFORMATION_FORMAT = dwarf;
				ENABLE_STRICT_OBJC_MSGSEND = YES;
				ENABLE_TESTABILITY = YES;
				GCC_C_LANGUAGE_STANDARD = gnu99;
				GCC_DYNAMIC_NO_PIC = NO;
				GCC_NO_COMMON_BLOCKS = YES;
				GCC_OPTIMIZATION_LEVEL = 0;
				GCC_PREPROCESSOR_DEFINITIONS = (
					"DEBUG=1",
					"$(inherited)",
				);
				GCC_WARN_64_TO_32_BIT_CONVERSION = YES;
				GCC_WARN_ABOUT_RETURN_TYPE = YES_ERROR;
				GCC_WARN_UNDECLARED_SELECTOR = YES;
				GCC_WARN_UNINITIALIZED_AUTOS = YES_AGGRESSIVE;
				GCC_WARN_UNUSED_FUNCTION = YES;
				GCC_WARN_UNUSED_VARIABLE = YES;
				IPHONEOS_DEPLOYMENT_TARGET = 9.2;
				MTL_ENABLE_DEBUG_INFO = YES;
				ONLY_ACTIVE_ARCH = YES;
				SDKROOT = iphoneos;
				TARGETED_DEVICE_FAMILY = "1,2";
			};
			name = Debug;
		};
		2ADCFA1F1C9A4DEB00F7E820 /* Release */ = {
			isa = XCBuildConfiguration;
			buildSettings = {
				ALWAYS_SEARCH_USER_PATHS = NO;
				CLANG_CXX_LANGUAGE_STANDARD = "gnu++0x";
				CLANG_CXX_LIBRARY = "libc++";
				CLANG_ENABLE_MODULES = YES;
				CLANG_ENABLE_OBJC_ARC = YES;
				CLANG_WARN_BOOL_CONVERSION = YES;
				CLANG_WARN_CONSTANT_CONVERSION = YES;
				CLANG_WARN_DIRECT_OBJC_ISA_USAGE = YES_ERROR;
				CLANG_WARN_EMPTY_BODY = YES;
				CLANG_WARN_ENUM_CONVERSION = YES;
				CLANG_WARN_INT_CONVERSION = YES;
				CLANG_WARN_OBJC_ROOT_CLASS = YES_ERROR;
				CLANG_WARN_UNREACHABLE_CODE = YES;
				CLANG_WARN__DUPLICATE_METHOD_MATCH = YES;
				"CODE_SIGN_IDENTITY[sdk=iphoneos*]" = "iPhone Developer";
				COPY_PHASE_STRIP = NO;
				DEBUG_INFORMATION_FORMAT = "dwarf-with-dsym";
				ENABLE_NS_ASSERTIONS = NO;
				ENABLE_STRICT_OBJC_MSGSEND = YES;
				GCC_C_LANGUAGE_STANDARD = gnu99;
				GCC_NO_COMMON_BLOCKS = YES;
				GCC_WARN_64_TO_32_BIT_CONVERSION = YES;
				GCC_WARN_ABOUT_RETURN_TYPE = YES_ERROR;
				GCC_WARN_UNDECLARED_SELECTOR = YES;
				GCC_WARN_UNINITIALIZED_AUTOS = YES_AGGRESSIVE;
				GCC_WARN_UNUSED_FUNCTION = YES;
				GCC_WARN_UNUSED_VARIABLE = YES;
				IPHONEOS_DEPLOYMENT_TARGET = 9.2;
				MTL_ENABLE_DEBUG_INFO = NO;
				SDKROOT = iphoneos;
				TARGETED_DEVICE_FAMILY = "1,2";
				VALIDATE_PRODUCT = YES;
			};
			name = Release;
		};
		2ADCFA211C9A4DEB00F7E820 /* Debug */ = {
			isa = XCBuildConfiguration;
			buildSettings = {
				ASSETCATALOG_COMPILER_APPICON_NAME = AppIcon;
				INFOPLIST_FILE = "Monster Mash/Info.plist";
				LD_RUNPATH_SEARCH_PATHS = "$(inherited) @executable_path/Frameworks";
				PRODUCT_BUNDLE_IDENTIFIER = "drewDulle.Monster-Mash";
				PRODUCT_NAME = "$(TARGET_NAME)";
			};
			name = Debug;
		};
		2ADCFA221C9A4DEB00F7E820 /* Release */ = {
			isa = XCBuildConfiguration;
			buildSettings = {
				ASSETCATALOG_COMPILER_APPICON_NAME = AppIcon;
				INFOPLIST_FILE = "Monster Mash/Info.plist";
				LD_RUNPATH_SEARCH_PATHS = "$(inherited) @executable_path/Frameworks";
				PRODUCT_BUNDLE_IDENTIFIER = "drewDulle.Monster-Mash";
				PRODUCT_NAME = "$(TARGET_NAME)";
			};
			name = Release;
		};
/* End XCBuildConfiguration section */

/* Begin XCConfigurationList section */
		2ADCFA041C9A4DEA00F7E820 /* Build configuration list for PBXProject "Monster Mash" */ = {
			isa = XCConfigurationList;
			buildConfigurations = (
				2ADCFA1E1C9A4DEB00F7E820 /* Debug */,
				2ADCFA1F1C9A4DEB00F7E820 /* Release */,
			);
			defaultConfigurationIsVisible = 0;
			defaultConfigurationName = Release;
		};
		2ADCFA201C9A4DEB00F7E820 /* Build configuration list for PBXNativeTarget "Monster Mash" */ = {
			isa = XCConfigurationList;
			buildConfigurations = (
				2ADCFA211C9A4DEB00F7E820 /* Debug */,
				2ADCFA221C9A4DEB00F7E820 /* Release */,
			);
			defaultConfigurationIsVisible = 0;
			defaultConfigurationName = Release;
		};
/* End XCConfigurationList section */
	};
	rootObject = 2ADCFA011C9A4DEA00F7E820 /* Project object */;
}
